
Microsoft Visual Studio Solution File, Format Version 12.00
# Visual Studio 15
VisualStudioVersion = 15.0.27004.2009
MinimumVisualStudioVersion = 10.0.40219.1
Project("{8BC9CEB8-8B4A-11D0-8D11-00A0C91BC942}") = "AStar_Study", "AStar_Study\AStar_Study.vcxproj", "{399BE2D3-700F-4F10-B479-D0DA5CDFC70F}"
EndProject
Global
	GlobalSection(SolutionConfigurationPlatforms) = preSolution
		Debug|Win32 = Debug|Win32
		Release|Win32 = Release|Win32
	EndGlobalSection
	GlobalSection(ProjectConfigurationPlatforms) = postSolution
		{399BE2D3-700F-4F10-B479-D0DA5CDFC70F}.Debug|Win32.ActiveCfg = Debug|Win32
		{399BE2D3-700F-4F10-B479-D0DA5CDFC70F}.Debug|Win32.Build.0 = Debug|Win32
		{399BE2D3-700F-4F10-B479-D0DA5CDFC70F}.Release|Win32.ActiveCfg = Release|Win32
		{399BE2D3-700F-4F10-B479-D0DA5CDFC70F}.Release|Win32.Build.0 = Release|Win32
	EndGlobalSection
	GlobalSection(SolutionProperties) = preSolution
		HideSolutionNode = FALSE
	EndGlobalSection
	GlobalSection(ExtensibilityGlobals) = postSolution
		SolutionGuid = {F1E9C20F-B8DA-4A0D-90C8-BB22F6B58BC9}
	EndGlobalSection
EndGlobal
